// !$*UTF8*$!
{
	archiveVersion = 1;
	classes = {
	};
	objectVersion = 46;
	objects = {

/* Begin PBXBuildFile section */
		EDF4E9151C1330BB00FFE36A /* AppDelegate.swift in Sources */ = {isa = PBXBuildFile; fileRef = EDF4E9141C1330BB00FFE36A /* AppDelegate.swift */; };
		EDF4E9171C1330BB00FFE36A /* ViewController.swift in Sources */ = {isa = PBXBuildFile; fileRef = EDF4E9161C1330BB00FFE36A /* ViewController.swift */; };
		EDF4E91A1C1330BB00FFE36A /* Main.storyboard in Resources */ = {isa = PBXBuildFile; fileRef = EDF4E9181C1330BB00FFE36A /* Main.storyboard */; };
		EDF4E91D1C1330BB00FFE36A /* Test_CoreData_Swfit.xcdatamodeld in Sources */ = {isa = PBXBuildFile; fileRef = EDF4E91B1C1330BB00FFE36A /* Test_CoreData_Swfit.xcdatamodeld */; };
		EDF4E91F1C1330BB00FFE36A /* Assets.xcassets in Resources */ = {isa = PBXBuildFile; fileRef = EDF4E91E1C1330BB00FFE36A /* Assets.xcassets */; };
		EDF4E9221C1330BB00FFE36A /* LaunchScreen.storyboard in Resources */ = {isa = PBXBuildFile; fileRef = EDF4E9201C1330BB00FFE36A /* LaunchScreen.storyboard */; };
/* End PBXBuildFile section */

/* Begin PBXFileReference section */
		EDF4E9111C1330BB00FFE36A /* Test_CoreData_Swfit.app */ = {isa = PBXFileReference; explicitFileType = wrapper.application; includeInIndex = 0; path = Test_CoreData_Swfit.app; sourceTree = BUILT_PRODUCTS_DIR; };
		EDF4E9141C1330BB00FFE36A /* AppDelegate.swift */ = {isa = PBXFileReference; lastKnownFileType = sourcecode.swift; path = AppDelegate.swift; sourceTree = "<group>"; };
		EDF4E9161C1330BB00FFE36A /* ViewController.swift */ = {isa = PBXFileReference; lastKnownFileType = sourcecode.swift; path = ViewController.swift; sourceTree = "<group>"; };
		EDF4E9191C1330BB00FFE36A /* Base */ = {isa = PBXFileReference; lastKnownFileType = file.storyboard; name = Base; path = Base.lproj/Main.storyboard; sourceTree = "<group>"; };
		EDF4E91C1C1330BB00FFE36A /* Test_CoreData_Swfit.xcdatamodel */ = {isa = PBXFileReference; lastKnownFileType = wrapper.xcdatamodel; path = Test_CoreData_Swfit.xcdatamodel; sourceTree = "<group>"; };
		EDF4E91E1C1330BB00FFE36A /* Assets.xcassets */ = {isa = PBXFileReference; lastKnownFileType = folder.assetcatalog; path = Assets.xcassets; sourceTree = "<group>"; };
		EDF4E9211C1330BB00FFE36A /* Base */ = {isa = PBXFileReference; lastKnownFileType = file.storyboard; name = Base; path = Base.lproj/LaunchScreen.storyboard; sourceTree = "<group>"; };
		EDF4E9231C1330BB00FFE36A /* Info.plist */ = {isa = PBXFileReference; lastKnownFileType = text.plist.xml; path = Info.plist; sourceTree = "<group>"; };
/* End PBXFileReference section */

/* Begin PBXFrameworksBuildPhase section */
		EDF4E90E1C1330BB00FFE36A /* Frameworks */ = {
			isa = PBXFrameworksBuildPhase;
			buildActionMask = 2147483647;
			files = (
			);
			runOnlyForDeploymentPostprocessing = 0;
		};
/* End PBXFrameworksBuildPhase section */

/* Begin PBXGroup section */
		EDF4E9081C1330BA00FFE36A = {
			isa = PBXGroup;
			children = (
				EDF4E9131C1330BB00FFE36A /* Test_CoreData_Swfit */,
				EDF4E9121C1330BB00FFE36A /* Products */,
			);
			sourceTree = "<group>";
		};
		EDF4E9121C1330BB00FFE36A /* Products */ = {
			isa = PBXGroup;
			children = (
				EDF4E9111C1330BB00FFE36A /* Test_CoreData_Swfit.app */,
			);
			name = Products;
			sourceTree = "<group>";
		};
		EDF4E9131C1330BB00FFE36A /* Test_CoreData_Swfit */ = {
			isa = PBXGroup;
			children = (
				EDF4E9141C1330BB00FFE36A /* AppDelegate.swift */,
				EDF4E9161C1330BB00FFE36A /* ViewController.swift */,
				EDF4E9181C1330BB00FFE36A /* Main.storyboard */,
				EDF4E91E1C1330BB00FFE36A /* Assets.xcassets */,
				EDF4E9201C1330BB00FFE36A /* LaunchScreen.storyboard */,
				EDF4E9231C1330BB00FFE36A /* Info.plist */,
				EDF4E91B1C1330BB00FFE36A /* Test_CoreData_Swfit.xcdatamodeld */,
			);
			path = Test_CoreData_Swfit;
			sourceTree = "<group>";
		};
/* End PBXGroup section */

/* Begin PBXNativeTarget section */
		EDF4E9101C1330BB00FFE36A /* Test_CoreData_Swfit */ = {
			isa = PBXNativeTarget;
			buildConfigurationList = EDF4E9261C1330BB00FFE36A /* Build configuration list for PBXNativeTarget "Test_CoreData_Swfit" */;
			buildPhases = (
				EDF4E90D1C1330BB00FFE36A /* Sources */,
				EDF4E90E1C1330BB00FFE36A /* Frameworks */,
				EDF4E90F1C1330BB00FFE36A /* Resources */,
			);
			buildRules = (
			);
			dependencies = (
			);
			name = Test_CoreData_Swfit;
			productName = Test_CoreData_Swfit;
			productReference = EDF4E9111C1330BB00FFE36A /* Test_CoreData_Swfit.app */;
			productType = "com.apple.product-type.application";
		};
/* End PBXNativeTarget section */

/* Begin PBXProject section */
		EDF4E9091C1330BA00FFE36A /* Project object */ = {
			isa = PBXProject;
			attributes = {
				LastSwiftUpdateCheck = 0710;
				LastUpgradeCheck = 0710;
				ORGANIZATIONNAME = lidongbo;
				TargetAttributes = {
					EDF4E9101C1330BB00FFE36A = {
						CreatedOnToolsVersion = 7.1.1;
					};
				};
			};
			buildConfigurationList = EDF4E90C1C1330BA00FFE36A /* Build configuration list for PBXProject "Test_CoreData_Swfit" */;
			compatibilityVersion = "Xcode 3.2";
			developmentRegion = English;
			hasScannedForEncodings = 0;
			knownRegions = (
				en,
				Base,
			);
			mainGroup = EDF4E9081C1330BA00FFE36A;
			productRefGroup = EDF4E9121C1330BB00FFE36A /* Products */;
			projectDirPath = "";
			projectRoot = "";
			targets = (
				EDF4E9101C1330BB00FFE36A /* Test_CoreData_Swfit */,
			);
		};
/* End PBXProject section */

/* Begin PBXResourcesBuildPhase section */
		EDF4E90F1C1330BB00FFE36A /* Resources */ = {
			isa = PBXResourcesBuildPhase;
			buildActionMask = 2147483647;
			files = (
				EDF4E9221C1330BB00FFE36A /* LaunchScreen.storyboard in Resources */,
				EDF4E91F1C1330BB00FFE36A /* Assets.xcassets in Resources */,
				EDF4E91A1C1330BB00FFE36A /* Main.storyboard in Resources */,
			);
			runOnlyForDeploymentPostprocessing = 0;
		};
/* End PBXResourcesBuildPhase section */

/* Begin PBXSourcesBuildPhase section */
		EDF4E90D1C1330BB00FFE36A /* Sources */ = {
			isa = PBXSourcesBuildPhase;
			buildActionMask = 2147483647;
			files = (
				EDF4E9171C1330BB00FFE36A /* ViewController.swift in Sources */,
				EDF4E91D1C1330BB00FFE36A /* Test_CoreData_Swfit.xcdatamodeld in Sources */,
				EDF4E9151C1330BB00FFE36A /* AppDelegate.swift in Sources */,
			);
			runOnlyForDeploymentPostprocessing = 0;
		};
/* End PBXSourcesBuildPhase section */

/* Begin PBXVariantGroup section */
		EDF4E9181C1330BB00FFE36A /* Main.storyboard */ = {
			isa = PBXVariantGroup;
			children = (
				EDF4E9191C1330BB00FFE36A /* Base */,
			);
			name = Main.storyboard;
			sourceTree = "<group>";
		};
		EDF4E9201C1330BB00FFE36A /* LaunchScreen.storyboard */ = {
			isa = PBXVariantGroup;
			children = (
				EDF4E9211C1330BB00FFE36A /* Base */,
			);
			name = LaunchScreen.storyboard;
			sourceTree = "<group>";
		};
/* End PBXVariantGroup section */

/* Begin XCBuildConfiguration section */
		EDF4E9241C1330BB00FFE36A /* Debug */ = {
			isa = XCBuildConfiguration;
			buildSettings = {
				ALWAYS_SEARCH_USER_PATHS = NO;
				CLANG_CXX_LANGUAGE_STANDARD = "gnu++0x";
				CLANG_CXX_LIBRARY = "libc++";
				CLANG_ENABLE_MODULES = YES;
				CLANG_ENABLE_OBJC_ARC = YES;
				CLANG_WARN_BOOL_CONVERSION = YES;
				CLANG_WARN_CONSTANT_CONVERSION = YES;
				CLANG_WARN_DIRECT_OBJC_ISA_USAGE = YES_ERROR;
				CLANG_WARN_EMPTY_BODY = YES;
				CLANG_WARN_ENUM_CONVERSION = YES;
				CLANG_WARN_INT_CONVERSION = YES;
				CLANG_WARN_OBJC_ROOT_CLASS = YES_ERROR;
				CLANG_WARN_UNREACHABLE_CODE = YES;
				CLANG_WARN__DUPLICATE_METHOD_MATCH = YES;
				"CODE_SIGN_IDENTITY[sdk=iphoneos*]" = "iPhone Developer";
				COPY_PHASE_STRIP = NO;
				DEBUG_INFORMATION_FORMAT = dwarf;
				ENABLE_STRICT_OBJC_MSGSEND = YES;
				ENABLE_TESTABILITY = YES;
				GCC_C_LANGUAGE_STANDARD = gnu99;
				GCC_DYNAMIC_NO_PIC = NO;
				GCC_NO_COMMON_BLOCKS = YES;
				GCC_OPTIMIZATION_LEVEL = 0;
				GCC_PREPROCESSOR_DEFINITIONS = (
					"DEBUG=1",
					"$(inherited)",
				);
				GCC_WARN_64_TO_32_BIT_CONVERSION = YES;
				GCC_WARN_ABOUT_RETURN_TYPE = YES_ERROR;
				GCC_WARN_UNDECLARED_SELECTOR = YES;
				GCC_WARN_UNINITIALIZED_AUTOS = YES_AGGRESSIVE;
				GCC_WARN_UNUSED_FUNCTION = YES;
				GCC_WARN_UNUSED_VARIABLE = YES;
				IPHONEOS_DEPLOYMENT_TARGET = 9.1;
				MTL_ENABLE_DEBUG_INFO = YES;
				ONLY_ACTIVE_ARCH = YES;
				SDKROOT = iphoneos;
				SWIFT_OPTIMIZATION_LEVEL = "-Onone";
			};
			name = Debug;
		};
		EDF4E9251C1330BB00FFE36A /* Release */ = {
			isa = XCBuildConfiguration;
			buildSettings = {
				ALWAYS_SEARCH_USER_PATHS = NO;
				CLANG_CXX_LANGUAGE_STANDARD = "gnu++0x";
				CLANG_CXX_LIBRARY = "libc++";
				CLANG_ENABLE_MODULES = YES;
				CLANG_ENABLE_OBJC_ARC = YES;
				CLANG_WARN_BOOL_CONVERSION = YES;
				CLANG_WARN_CONSTANT_CONVERSION = YES;
				CLANG_WARN_DIRECT_OBJC_ISA_USAGE = YES_ERROR;
				CLANG_WARN_EMPTY_BODY = YES;
				CLANG_WARN_ENUM_CONVERSION = YES;
				CLANG_WARN_INT_CONVERSION = YES;
				CLANG_WARN_OBJC_ROOT_CLASS = YES_ERROR;
				CLANG_WARN_UNREACHABLE_CODE = YES;
				CLANG_WARN__DUPLICATE_METHOD_MATCH = YES;
				"CODE_SIGN_IDENTITY[sdk=iphoneos*]" = "iPhone Developer";
				COPY_PHASE_STRIP = NO;
				DEBUG_INFORMATION_FORMAT = "dwarf-with-dsym";
				ENABLE_NS_ASSERTIONS = NO;
				ENABLE_STRICT_OBJC_MSGSEND = YES;
				GCC_C_LANGUAGE_STANDARD = gnu99;
				GCC_NO_COMMON_BLOCKS = YES;
				GCC_WARN_64_TO_32_BIT_CONVERSION = YES;
				GCC_WARN_ABOUT_RETURN_TYPE = YES_ERROR;
				GCC_WARN_UNDECLARED_SELECTOR = YES;
				GCC_WARN_UNINITIALIZED_AUTOS = YES_AGGRESSIVE;
				GCC_WARN_UNUSED_FUNCTION = YES;
				GCC_WARN_UNUSED_VARIABLE = YES;
				IPHONEOS_DEPLOYMENT_TARGET = 9.1;
				MTL_ENABLE_DEBUG_INFO = NO;
				SDKROOT = iphoneos;
				VALIDATE_PRODUCT = YES;
			};
			name = Release;
		};
		EDF4E9271C1330BB00FFE36A /* Debug */ = {
			isa = XCBuildConfiguration;
			buildSettings = {
				ASSETCATALOG_COMPILER_APPICON_NAME = AppIcon;
				INFOPLIST_FILE = Test_CoreData_Swfit/Info.plist;
				LD_RUNPATH_SEARCH_PATHS = "$(inherited) @executable_path/Frameworks";
				PRODUCT_BUNDLE_IDENTIFIER = "lidongbo.Test-CoreData-Swfit";
				PRODUCT_NAME = "$(TARGET_NAME)";
			};
			name = Debug;
		};
		EDF4E9281C1330BB00FFE36A /* Release */ = {
			isa = XCBuildConfiguration;
			buildSettings = {
				ASSETCATALOG_COMPILER_APPICON_NAME = AppIcon;
				INFOPLIST_FILE = Test_CoreData_Swfit/Info.plist;
				LD_RUNPATH_SEARCH_PATHS = "$(inherited) @executable_path/Frameworks";
				PRODUCT_BUNDLE_IDENTIFIER = "lidongbo.Test-CoreData-Swfit";
				PRODUCT_NAME = "$(TARGET_NAME)";
			};
			name = Release;
		};
/* End XCBuildConfiguration section */

/* Begin XCConfigurationList section */
		EDF4E90C1C1330BA00FFE36A /* Build configuration list for PBXProject "Test_CoreData_Swfit" */ = {
			isa = XCConfigurationList;
			buildConfigurations = (
				EDF4E9241C1330BB00FFE36A /* Debug */,
				EDF4E9251C1330BB00FFE36A /* Release */,
			);
			defaultConfigurationIsVisible = 0;
			defaultConfigurationName = Release;
		};
		EDF4E9261C1330BB00FFE36A /* Build configuration list for PBXNativeTarget "Test_CoreData_Swfit" */ = {
			isa = XCConfigurationList;
			buildConfigurations = (
				EDF4E9271C1330BB00FFE36A /* Debug */,
				EDF4E9281C1330BB00FFE36A /* Release */,
			);
			defaultConfigurationIsVisible = 0;
		};
/* End XCConfigurationList section */

/* Begin XCVersionGroup section */
		EDF4E91B1C1330BB00FFE36A /* Test_CoreData_Swfit.xcdatamodeld */ = {
			isa = XCVersionGroup;
			children = (
				EDF4E91C1C1330BB00FFE36A /* Test_CoreData_Swfit.xcdatamodel */,
			);
			currentVersion = EDF4E91C1C1330BB00FFE36A /* Test_CoreData_Swfit.xcdatamodel */;
			path = Test_CoreData_Swfit.xcdatamodeld;
			sourceTree = "<group>";
			versionGroupType = wrapper.xcdatamodel;
		};
/* End XCVersionGroup section */
	};
	rootObject = EDF4E9091C1330BA00FFE36A /* Project object */;
}
